
Microsoft Visual Studio Solution File, Format Version 12.00
# Visual Studio Version 17
VisualStudioVersion = 17.13.35913.81
MinimumVisualStudioVersion = 10.0.40219.1
Project("{FAE04EC0-301F-11D3-BF4B-00C04F79EFBC}") = "PRMServer.Application", "PRMServer.Application\PRMServer.Application.csproj", "{C51E9849-7393-488C-81A1-09842A208BFB}"
EndProject
Project("{FAE04EC0-301F-11D3-BF4B-00C04F79EFBC}") = "PRMServer.Data", "PRMServer.Data\PRMServer.Data.csproj", "{DD151D87-CC90-4BD9-8666-37377327ECB2}"
EndProject
Project("{FAE04EC0-301F-11D3-BF4B-00C04F79EFBC}") = "PRMServer.Data.Seeding", "PRMServer.Data.Seeding\PRMServer.Data.Seeding.csproj", "{D90C441D-B28C-4AB0-82BA-D3DAF5D2F9AE}"
EndProject
Global
	GlobalSection(SolutionConfigurationPlatforms) = preSolution
		Debug|Any CPU = Debug|Any CPU
		Release|Any CPU = Release|Any CPU
	EndGlobalSection
	GlobalSection(ProjectConfigurationPlatforms) = postSolution
		{C51E9849-7393-488C-81A1-09842A208BFB}.Debug|Any CPU.ActiveCfg = Debug|Any CPU
		{C51E9849-7393-488C-81A1-09842A208BFB}.Debug|Any CPU.Build.0 = Debug|Any CPU
		{C51E9849-7393-488C-81A1-09842A208BFB}.Release|Any CPU.ActiveCfg = Release|Any CPU
		{C51E9849-7393-488C-81A1-09842A208BFB}.Release|Any CPU.Build.0 = Release|Any CPU
		{DD151D87-CC90-4BD9-8666-37377327ECB2}.Debug|Any CPU.ActiveCfg = Debug|Any CPU
		{DD151D87-CC90-4BD9-8666-37377327ECB2}.Debug|Any CPU.Build.0 = Debug|Any CPU
		{DD151D87-CC90-4BD9-8666-37377327ECB2}.Release|Any CPU.ActiveCfg = Release|Any CPU
		{DD151D87-CC90-4BD9-8666-37377327ECB2}.Release|Any CPU.Build.0 = Release|Any CPU
		{D90C441D-B28C-4AB0-82BA-D3DAF5D2F9AE}.Debug|Any CPU.ActiveCfg = Debug|Any CPU
		{D90C441D-B28C-4AB0-82BA-D3DAF5D2F9AE}.Debug|Any CPU.Build.0 = Debug|Any CPU
		{D90C441D-B28C-4AB0-82BA-D3DAF5D2F9AE}.Release|Any CPU.ActiveCfg = Release|Any CPU
		{D90C441D-B28C-4AB0-82BA-D3DAF5D2F9AE}.Release|Any CPU.Build.0 = Release|Any CPU
	EndGlobalSection
	GlobalSection(SolutionProperties) = preSolution
		HideSolutionNode = FALSE
	EndGlobalSection
	GlobalSection(ExtensibilityGlobals) = postSolution
		SolutionGuid = {0564534E-518C-436F-A05A-DCDE2751D62F}
	EndGlobalSection
EndGlobal
